
Microsoft Visual Studio Solution File, Format Version 12.00
# Visual Studio Version 17
VisualStudioVersion = 17.3.32804.467
MinimumVisualStudioVersion = 10.0.40219.1
Project("{9A19103F-16F7-4668-BE54-9A1E7A4F7556}") = "WebAppDETAug2022", "WebAppDETAug2022\WebAppDETAug2022.csproj", "{877F4281-1A8A-4A7D-A939-ACF7E0C40A6B}"
EndProject
Project("{9A19103F-16F7-4668-BE54-9A1E7A4F7556}") = "MVCDemo", "MVCDemo\MVCDemo.csproj", "{577E4064-938D-4C81-8691-D9F705F88A75}"
EndProject
Project("{9A19103F-16F7-4668-BE54-9A1E7A4F7556}") = "APIDemo", "APIDemo\APIDemo.csproj", "{9C1C4834-02A5-4D8E-A09D-A85604DC664F}"
EndProject
Project("{9A19103F-16F7-4668-BE54-9A1E7A4F7556}") = "ContosoPizza", "ContosoPizza\ContosoPizza.csproj", "{4142C829-59E4-4AD1-9D57-E7069B95ABEB}"
EndProject
Project("{9A19103F-16F7-4668-BE54-9A1E7A4F7556}") = "ConsoleAPIClient", "ConsoleAPIClient\ConsoleAPIClient.csproj", "{B3F8FF83-A8F3-4A61-A665-D58F51D28D04}"
EndProject
Project("{9A19103F-16F7-4668-BE54-9A1E7A4F7556}") = "BankAccountNS", "BankAcc\BankAccountNS.csproj", "{DDA6C927-350D-4B51-82D0-FC7578497C5D}"
EndProject
Project("{9A19103F-16F7-4668-BE54-9A1E7A4F7556}") = "BankTests", "BankTests\BankTests.csproj", "{19DA60D5-2B16-4140-B306-A817B9D1AAE4}"
EndProject
Project("{9A19103F-16F7-4668-BE54-9A1E7A4F7556}") = "MyFirstUnitTests", "MyFirstUnitTest\MyFirstUnitTests.csproj", "{FDC8EEB8-D33F-4376-87CD-1D8EFA604EDC}"
EndProject
Project("{9A19103F-16F7-4668-BE54-9A1E7A4F7556}") = "TDDDemo", "TDDDemo\TDDDemo.csproj", "{A09D7929-2E7E-4EEF-92C0-912661830BCC}"
EndProject
Project("{FAE04EC0-301F-11D3-BF4B-00C04F79EFBC}") = "Library", "Library\Library.csproj", "{4FED0E01-76DC-46FD-A07F-3D2C29CF8DC0}"
EndProject
Project("{FAE04EC0-301F-11D3-BF4B-00C04F79EFBC}") = "libraryAPI.Test", "libraryAPI.Test\libraryAPI.Test.csproj", "{691D63EC-B97E-4B1A-9335-7EC34649BCF6}"
EndProject
Global
	GlobalSection(SolutionConfigurationPlatforms) = preSolution
		Debug|Any CPU = Debug|Any CPU
		Release|Any CPU = Release|Any CPU
	EndGlobalSection
	GlobalSection(ProjectConfigurationPlatforms) = postSolution
		{877F4281-1A8A-4A7D-A939-ACF7E0C40A6B}.Debug|Any CPU.ActiveCfg = Debug|Any CPU
		{877F4281-1A8A-4A7D-A939-ACF7E0C40A6B}.Debug|Any CPU.Build.0 = Debug|Any CPU
		{877F4281-1A8A-4A7D-A939-ACF7E0C40A6B}.Release|Any CPU.ActiveCfg = Release|Any CPU
		{877F4281-1A8A-4A7D-A939-ACF7E0C40A6B}.Release|Any CPU.Build.0 = Release|Any CPU
		{577E4064-938D-4C81-8691-D9F705F88A75}.Debug|Any CPU.ActiveCfg = Debug|Any CPU
		{577E4064-938D-4C81-8691-D9F705F88A75}.Debug|Any CPU.Build.0 = Debug|Any CPU
		{577E4064-938D-4C81-8691-D9F705F88A75}.Release|Any CPU.ActiveCfg = Release|Any CPU
		{577E4064-938D-4C81-8691-D9F705F88A75}.Release|Any CPU.Build.0 = Release|Any CPU
		{9C1C4834-02A5-4D8E-A09D-A85604DC664F}.Debug|Any CPU.ActiveCfg = Debug|Any CPU
		{9C1C4834-02A5-4D8E-A09D-A85604DC664F}.Debug|Any CPU.Build.0 = Debug|Any CPU
		{9C1C4834-02A5-4D8E-A09D-A85604DC664F}.Release|Any CPU.ActiveCfg = Release|Any CPU
		{9C1C4834-02A5-4D8E-A09D-A85604DC664F}.Release|Any CPU.Build.0 = Release|Any CPU
		{4142C829-59E4-4AD1-9D57-E7069B95ABEB}.Debug|Any CPU.ActiveCfg = Debug|Any CPU
		{4142C829-59E4-4AD1-9D57-E7069B95ABEB}.Debug|Any CPU.Build.0 = Debug|Any CPU
		{4142C829-59E4-4AD1-9D57-E7069B95ABEB}.Release|Any CPU.ActiveCfg = Release|Any CPU
		{4142C829-59E4-4AD1-9D57-E7069B95ABEB}.Release|Any CPU.Build.0 = Release|Any CPU
		{B3F8FF83-A8F3-4A61-A665-D58F51D28D04}.Debug|Any CPU.ActiveCfg = Debug|Any CPU
		{B3F8FF83-A8F3-4A61-A665-D58F51D28D04}.Debug|Any CPU.Build.0 = Debug|Any CPU
		{B3F8FF83-A8F3-4A61-A665-D58F51D28D04}.Release|Any CPU.ActiveCfg = Release|Any CPU
		{B3F8FF83-A8F3-4A61-A665-D58F51D28D04}.Release|Any CPU.Build.0 = Release|Any CPU
		{DDA6C927-350D-4B51-82D0-FC7578497C5D}.Debug|Any CPU.ActiveCfg = Debug|Any CPU
		{DDA6C927-350D-4B51-82D0-FC7578497C5D}.Debug|Any CPU.Build.0 = Debug|Any CPU
		{DDA6C927-350D-4B51-82D0-FC7578497C5D}.Release|Any CPU.ActiveCfg = Release|Any CPU
		{DDA6C927-350D-4B51-82D0-FC7578497C5D}.Release|Any CPU.Build.0 = Release|Any CPU
		{19DA60D5-2B16-4140-B306-A817B9D1AAE4}.Debug|Any CPU.ActiveCfg = Debug|Any CPU
		{19DA60D5-2B16-4140-B306-A817B9D1AAE4}.Debug|Any CPU.Build.0 = Debug|Any CPU
		{19DA60D5-2B16-4140-B306-A817B9D1AAE4}.Release|Any CPU.ActiveCfg = Release|Any CPU
		{19DA60D5-2B16-4140-B306-A817B9D1AAE4}.Release|Any CPU.Build.0 = Release|Any CPU
		{FDC8EEB8-D33F-4376-87CD-1D8EFA604EDC}.Debug|Any CPU.ActiveCfg = Debug|Any CPU
		{FDC8EEB8-D33F-4376-87CD-1D8EFA604EDC}.Debug|Any CPU.Build.0 = Debug|Any CPU
		{FDC8EEB8-D33F-4376-87CD-1D8EFA604EDC}.Release|Any CPU.ActiveCfg = Release|Any CPU
		{FDC8EEB8-D33F-4376-87CD-1D8EFA604EDC}.Release|Any CPU.Build.0 = Release|Any CPU
		{A09D7929-2E7E-4EEF-92C0-912661830BCC}.Debug|Any CPU.ActiveCfg = Debug|Any CPU
		{A09D7929-2E7E-4EEF-92C0-912661830BCC}.Debug|Any CPU.Build.0 = Debug|Any CPU
		{A09D7929-2E7E-4EEF-92C0-912661830BCC}.Release|Any CPU.ActiveCfg = Release|Any CPU
		{A09D7929-2E7E-4EEF-92C0-912661830BCC}.Release|Any CPU.Build.0 = Release|Any CPU
		{4FED0E01-76DC-46FD-A07F-3D2C29CF8DC0}.Debug|Any CPU.ActiveCfg = Debug|Any CPU
		{4FED0E01-76DC-46FD-A07F-3D2C29CF8DC0}.Debug|Any CPU.Build.0 = Debug|Any CPU
		{4FED0E01-76DC-46FD-A07F-3D2C29CF8DC0}.Release|Any CPU.ActiveCfg = Release|Any CPU
		{4FED0E01-76DC-46FD-A07F-3D2C29CF8DC0}.Release|Any CPU.Build.0 = Release|Any CPU
		{691D63EC-B97E-4B1A-9335-7EC34649BCF6}.Debug|Any CPU.ActiveCfg = Debug|Any CPU
		{691D63EC-B97E-4B1A-9335-7EC34649BCF6}.Debug|Any CPU.Build.0 = Debug|Any CPU
		{691D63EC-B97E-4B1A-9335-7EC34649BCF6}.Release|Any CPU.ActiveCfg = Release|Any CPU
		{691D63EC-B97E-4B1A-9335-7EC34649BCF6}.Release|Any CPU.Build.0 = Release|Any CPU
	EndGlobalSection
	GlobalSection(SolutionProperties) = preSolution
		HideSolutionNode = FALSE
	EndGlobalSection
	GlobalSection(ExtensibilityGlobals) = postSolution
		SolutionGuid = {845A6AC7-F348-4E70-9626-FA2370F91A84}
	EndGlobalSection
EndGlobal
